PODS:
  - CocoaAsyncSocket (7.6.2)
  - CocoaLumberjack (3.3.0):
    - CocoaLumberjack/Default (= 3.3.0)
    - CocoaLumberjack/Extensions (= 3.3.0)
  - CocoaLumberjack/Default (3.3.0)
  - CocoaLumberjack/Extensions (3.3.0):
    - CocoaLumberjack/Default
  - KissXML (5.2.0)
  - libidn (1.33)
  - XMPPFramework (0.1.0):
    - CocoaAsyncSocket (~> 7.6.0)
    - CocoaLumberjack
    - KissXML (~> 5.2.0)
    - libidn (~> 1.33.0)

DEPENDENCIES:
  - XMPPFramework (from `http://gitrepo.frind.it/frind/XMPPFramework`, branch `master`)

EXTERNAL SOURCES:
  XMPPFramework:
    :branch: master
    :git: http://gitrepo.frind.it/frind/XMPPFramework

CHECKOUT OPTIONS:
  XMPPFramework:
    :commit: 8f1c53ab2ad89e58082d09a6e38b2e846ed02329
    :git: http://gitrepo.frind.it/frind/XMPPFramework

SPEC CHECKSUMS:
  CocoaAsyncSocket: 3541e024f48c54b251638ef72d51dd42808de932
  CocoaLumberjack: 3c8c74683302f9012bb168e1c4b7ae3c0b558431
  KissXML: 1c1eeeb6b94e4522cd2f2373e5d0d03c9227738f
  libidn: 90fc1a62b60288dcf543f13f4ebca913f17d829f
  XMPPFramework: 59af6c0bf4a8a946b3feb6b388006b3ad6406343

PODFILE CHECKSUM: 0fe0cfb0077c3ea5407174f7ed168f499d0eb399

COCOAPODS: 1.3.1
